
Microsoft Visual Studio Solution File, Format Version 12.00
# Visual Studio Version 17
VisualStudioVersion = 17.1.32319.34
MinimumVisualStudioVersion = 10.0.40219.1
Project("{FAE04EC0-301F-11D3-BF4B-00C04F79EFBC}") = "C4Demo", "C4Demo\C4Demo.csproj", "{D836BEF3-C53A-4A02-887E-CBC3D1884AF1}"
EndProject
Project("{FAE04EC0-301F-11D3-BF4B-00C04F79EFBC}") = "QuanLyBanCafe", "QuanLyBanCafe\QuanLyBanCafe.csproj", "{0D07D58D-AB23-412C-ABF3-4872539FF35A}"
EndProject
Global
	GlobalSection(SolutionConfigurationPlatforms) = preSolution
		Debug|Any CPU = Debug|Any CPU
		Release|Any CPU = Release|Any CPU
	EndGlobalSection
	GlobalSection(ProjectConfigurationPlatforms) = postSolution
		{D836BEF3-C53A-4A02-887E-CBC3D1884AF1}.Debug|Any CPU.ActiveCfg = Debug|Any CPU
		{D836BEF3-C53A-4A02-887E-CBC3D1884AF1}.Debug|Any CPU.Build.0 = Debug|Any CPU
		{D836BEF3-C53A-4A02-887E-CBC3D1884AF1}.Release|Any CPU.ActiveCfg = Release|Any CPU
		{D836BEF3-C53A-4A02-887E-CBC3D1884AF1}.Release|Any CPU.Build.0 = Release|Any CPU
		{0D07D58D-AB23-412C-ABF3-4872539FF35A}.Debug|Any CPU.ActiveCfg = Debug|Any CPU
		{0D07D58D-AB23-412C-ABF3-4872539FF35A}.Debug|Any CPU.Build.0 = Debug|Any CPU
		{0D07D58D-AB23-412C-ABF3-4872539FF35A}.Release|Any CPU.ActiveCfg = Release|Any CPU
		{0D07D58D-AB23-412C-ABF3-4872539FF35A}.Release|Any CPU.Build.0 = Release|Any CPU
	EndGlobalSection
	GlobalSection(SolutionProperties) = preSolution
		HideSolutionNode = FALSE
	EndGlobalSection
	GlobalSection(ExtensibilityGlobals) = postSolution
		SolutionGuid = {BA55264E-EDB9-424A-AD39-0EE0035F93BA}
	EndGlobalSection
EndGlobal
